
Microsoft Visual Studio Solution File, Format Version 11.00
# Visual Studio 2010
Project("{FAE04EC0-301F-11D3-BF4B-00C04F79EFBC}") = "JsonConfig", "JsonConfig\JsonConfig.csproj", "{C9116CDA-4EA6-473D-B2EF-67F7479D0AD3}"
EndProject
Project("{2150E333-8FDC-42A3-9474-1A3956D46DE8}") = "test", "test", "{9911BD36-9817-4384-B802-74DE17AD4876}"
EndProject
Project("{FAE04EC0-301F-11D3-BF4B-00C04F79EFBC}") = "JsonConfig.Test", "test\JsonConfig.Test\JsonConfig.Test.csproj", "{B6737B2D-A7B3-4908-8059-AE6A736B7F1A}"
EndProject
Global
	GlobalSection(SolutionConfigurationPlatforms) = preSolution
		Debug|Any CPU = Debug|Any CPU
		Release|Any CPU = Release|Any CPU
	EndGlobalSection
	GlobalSection(ProjectConfigurationPlatforms) = postSolution
		{C9116CDA-4EA6-473D-B2EF-67F7479D0AD3}.Debug|Any CPU.ActiveCfg = Debug|Any CPU
		{C9116CDA-4EA6-473D-B2EF-67F7479D0AD3}.Debug|Any CPU.Build.0 = Debug|Any CPU
		{C9116CDA-4EA6-473D-B2EF-67F7479D0AD3}.Release|Any CPU.ActiveCfg = Release|Any CPU
		{C9116CDA-4EA6-473D-B2EF-67F7479D0AD3}.Release|Any CPU.Build.0 = Release|Any CPU
		{B6737B2D-A7B3-4908-8059-AE6A736B7F1A}.Debug|Any CPU.ActiveCfg = Debug|Any CPU
		{B6737B2D-A7B3-4908-8059-AE6A736B7F1A}.Debug|Any CPU.Build.0 = Debug|Any CPU
		{B6737B2D-A7B3-4908-8059-AE6A736B7F1A}.Release|Any CPU.ActiveCfg = Release|Any CPU
		{B6737B2D-A7B3-4908-8059-AE6A736B7F1A}.Release|Any CPU.Build.0 = Release|Any CPU
	EndGlobalSection
	GlobalSection(SolutionProperties) = preSolution
		HideSolutionNode = FALSE
	EndGlobalSection
	GlobalSection(NestedProjects) = preSolution
		{B6737B2D-A7B3-4908-8059-AE6A736B7F1A} = {9911BD36-9817-4384-B802-74DE17AD4876}
	EndGlobalSection
EndGlobal
